#MicroXplorer Configuration settings - do not modify
#Wed Nov 18 23:39:09 MSK 2015
ADC1.Channel-12\#ChannelRegularConversion=ADC_CHANNEL_11
ADC1.IPParameters=Rank-12\#ChannelRegularConversion,NbrOfConversionFlag,SamplingTime-12\#ChannelRegularConversion,Channel-12\#ChannelRegularConversion,master
ADC1.NbrOfConversionFlag=1
ADC1.Rank-12\#ChannelRegularConversion=1
ADC1.SamplingTime-12\#ChannelRegularConversion=ADC_SAMPLETIME_3CYCLES
ADC1.master=1
File.Version=4
KeepUserPlacement=false
Mcu.Family=STM32F4
Mcu.IP0=ADC1
Mcu.IP1=FATFS
Mcu.IP2=NVIC
Mcu.IP3=RCC
Mcu.IP4=SDIO
Mcu.IP5=TIM3
Mcu.IP6=USB_OTG_FS
Mcu.IPNb=7
Mcu.Name=STM32F407V(E-G)Tx
Mcu.Package=LQFP100
Mcu.Pin0=PH0-OSC_IN
Mcu.Pin1=PH1-OSC_OUT
Mcu.Pin10=PD2
Mcu.Pin11=VP_FATFS_VS_Generic
Mcu.Pin12=VP_TIM3_VS_ClockSourceINT
Mcu.Pin2=PC1
Mcu.Pin3=PC8
Mcu.Pin4=PC9
Mcu.Pin5=PA11
Mcu.Pin6=PA12
Mcu.Pin7=PC10
Mcu.Pin8=PC11
Mcu.Pin9=PC12
Mcu.PinsNb=13
Mcu.UserName=STM32F407VGTx
MxCube.Version=4.5.0
NVIC.OTG_FS_WKUP_IRQn=true\:0\:0\:false
NVIC.PriorityGroup=NVIC_PRIORITYGROUP_4
NVIC.SysTick_IRQn=true\:0\:0\:false
PA11.Mode=Device_Only
PA11.Signal=USB_OTG_FS_DM
PA12.Mode=Device_Only
PA12.Signal=USB_OTG_FS_DP
PC1.Signal=ADCx_IN11
PC10.Mode=mmc_4_bits_Wide_bus
PC10.Signal=SDIO_D2
PC11.Mode=mmc_4_bits_Wide_bus
PC11.Signal=SDIO_D3
PC12.Mode=mmc_4_bits_Wide_bus
PC12.Signal=SDIO_CK
PC8.Mode=mmc_4_bits_Wide_bus
PC8.Signal=SDIO_D0
PC9.Mode=mmc_4_bits_Wide_bus
PC9.Signal=SDIO_D1
PCC.Family=STM32F4
PCC.MCU=STM32F407V(E-G)Tx
PCC.MXVersion=4.5.0
PCC.PartNumber=STM32F407VGTx
PCC.Seq0=0
PCC.SubFamily=STM32F407/417
PCC.Temperature=25
PCC.Vdd=3.3
PD2.Mode=mmc_4_bits_Wide_bus
PD2.Signal=SDIO_CMD
PH0-OSC_IN.Mode=HSE-External-Oscillator
PH0-OSC_IN.Signal=RCC_OSC_IN
PH1-OSC_OUT.Mode=HSE-External-Oscillator
PH1-OSC_OUT.Signal=RCC_OSC_OUT
RCC.48MHZClocksFreq_Value=48000000
RCC.AHBFreq_Value=168000000
RCC.APB1CLKDivider=RCC_HCLK_DIV4
RCC.APB1Freq_Value=42000000
RCC.APB1TimFreq_Value=84000000
RCC.APB2CLKDivider=RCC_HCLK_DIV2
RCC.APB2Freq_Value=84000000
RCC.APB2TimFreq_Value=168000000
RCC.CortexFreq_Value=21000000
RCC.EthernetFreq_Value=168000000
RCC.FCLKCortexFreq_Value=168000000
RCC.FamilyName=M
RCC.HCLKFreq_Value=168000000
RCC.HSE_VALUE=8000000
RCC.HSI_VALUE=16000000
RCC.I2SClocksFreq_Value=38400000
RCC.IPParameters=LSI_VALUE,APB1TimFreq_Value,PLLI2SR,APB2Freq_Value,MCO2PinFreq_Value,APB1CLKDivider,FCLKCortexFreq_Value,48MHZClocksFreq_Value,AHBFreq_Value,VCOInputFreq_Value,I2SClocksFreq_Value,SYSCLKFreq_VALUE,PLLQ,SYSCLKSource,LSE_VALUE,HSE_VALUE,HSI_VALUE,VCOI2SOutputFreq_Value,PLLCLKFreq_Value,RTCFreq_Value,FamilyName,HCLKFreq_Value,EthernetFreq_Value,APB2CLKDivider,PLLM,PLLN,VCOOutputFreq_Value,VcooutputI2S,CortexFreq_Value,APB1Freq_Value,RTCHSEDivFreq_Value,APB2TimFreq_Value
RCC.LSE_VALUE=32768
RCC.LSI_VALUE=32000
RCC.MCO2PinFreq_Value=168000000
RCC.PLLCLKFreq_Value=168000000
RCC.PLLI2SR=5
RCC.PLLM=8
RCC.PLLN=336
RCC.PLLQ=7
RCC.RTCFreq_Value=32000
RCC.RTCHSEDivFreq_Value=4000000
RCC.SYSCLKFreq_VALUE=168000000
RCC.SYSCLKSource=RCC_SYSCLKSOURCE_PLLCLK
RCC.VCOI2SOutputFreq_Value=192000000
RCC.VCOInputFreq_Value=1000000
RCC.VCOOutputFreq_Value=336000000
RCC.VcooutputI2S=38400000
SH.ADCx_IN11.0=ADC1_IN11,IN11
SH.ADCx_IN11.ConfNb=1
USB_OTG_FS.IPParameters=VirtualMode-Device_Only
USB_OTG_FS.VirtualMode-Device_Only=Device_Only
VP_FATFS_VS_Generic.Mode=User_defined
VP_FATFS_VS_Generic.Signal=FATFS_VS_Generic
VP_TIM3_VS_ClockSourceINT.Mode=Internal
VP_TIM3_VS_ClockSourceINT.Signal=TIM3_VS_ClockSourceINT
